
Microsoft Visual Studio Solution File, Format Version 12.00
# Visual Studio 15
Project("{FAE04EC0-301F-11D3-BF4B-00C04F79EFBC}") = "TipCalc.Core", "TipCalc.Core\TipCalc.Core.csproj", "{DDEB5092-4DAD-4AA8-A307-2A13DB63521B}"
EndProject
Project("{FAE04EC0-301F-11D3-BF4B-00C04F79EFBC}") = "TipCalc.Droid", "TipCalc.Droid\TipCalc.Droid.csproj", "{B7DDC547-DE15-4584-8144-9362B36D919B}"
EndProject
Global
	GlobalSection(SolutionConfigurationPlatforms) = preSolution
		Debug|Any CPU = Debug|Any CPU
		Release|Any CPU = Release|Any CPU
	EndGlobalSection
	GlobalSection(ProjectConfigurationPlatforms) = postSolution
		{DDEB5092-4DAD-4AA8-A307-2A13DB63521B}.Debug|Any CPU.ActiveCfg = Debug|Any CPU
		{DDEB5092-4DAD-4AA8-A307-2A13DB63521B}.Debug|Any CPU.Build.0 = Debug|Any CPU
		{DDEB5092-4DAD-4AA8-A307-2A13DB63521B}.Release|Any CPU.ActiveCfg = Release|Any CPU
		{DDEB5092-4DAD-4AA8-A307-2A13DB63521B}.Release|Any CPU.Build.0 = Release|Any CPU
		{B7DDC547-DE15-4584-8144-9362B36D919B}.Debug|Any CPU.ActiveCfg = Debug|Any CPU
		{B7DDC547-DE15-4584-8144-9362B36D919B}.Debug|Any CPU.Build.0 = Debug|Any CPU
		{B7DDC547-DE15-4584-8144-9362B36D919B}.Release|Any CPU.ActiveCfg = Release|Any CPU
		{B7DDC547-DE15-4584-8144-9362B36D919B}.Release|Any CPU.Build.0 = Release|Any CPU
	EndGlobalSection
EndGlobal
